
Microsoft Visual Studio Solution File, Format Version 12.00
# Visual Studio Version 16
VisualStudioVersion = 16.0.31402.337
MinimumVisualStudioVersion = 10.0.40219.1
Project("{FAE04EC0-301F-11D3-BF4B-00C04F79EFBC}") = "Lesson-10", "Lesson-10\Lesson-10.csproj", "{EB8C33A4-B6F2-4F12-BF3F-7B15D4C78220}"
EndProject
Global
	GlobalSection(SolutionConfigurationPlatforms) = preSolution
		Debug|Any CPU = Debug|Any CPU
		Release|Any CPU = Release|Any CPU
	EndGlobalSection
	GlobalSection(ProjectConfigurationPlatforms) = postSolution
		{EB8C33A4-B6F2-4F12-BF3F-7B15D4C78220}.Debug|Any CPU.ActiveCfg = Debug|Any CPU
		{EB8C33A4-B6F2-4F12-BF3F-7B15D4C78220}.Debug|Any CPU.Build.0 = Debug|Any CPU
		{EB8C33A4-B6F2-4F12-BF3F-7B15D4C78220}.Release|Any CPU.ActiveCfg = Release|Any CPU
		{EB8C33A4-B6F2-4F12-BF3F-7B15D4C78220}.Release|Any CPU.Build.0 = Release|Any CPU
	EndGlobalSection
	GlobalSection(SolutionProperties) = preSolution
		HideSolutionNode = FALSE
	EndGlobalSection
	GlobalSection(ExtensibilityGlobals) = postSolution
		SolutionGuid = {4B5FE4C8-5571-4EB4-8DD9-D49D390F1FA9}
	EndGlobalSection
EndGlobal
